
Microsoft Visual Studio Solution File, Format Version 12.00
# Visual Studio 15
VisualStudioVersion = 15.0.28307.421
MinimumVisualStudioVersion = 10.0.40219.1
Project("{FAE04EC0-301F-11D3-BF4B-00C04F79EFBC}") = "MMTP-LMS", "MMTP-LMS\MMTP-LMS.csproj", "{4E7B8B1E-7E6E-4128-B040-066F44F95352}"
EndProject
Global
	GlobalSection(SolutionConfigurationPlatforms) = preSolution
		Debug|Any CPU = Debug|Any CPU
		Release|Any CPU = Release|Any CPU
	EndGlobalSection
	GlobalSection(ProjectConfigurationPlatforms) = postSolution
		{4E7B8B1E-7E6E-4128-B040-066F44F95352}.Debug|Any CPU.ActiveCfg = Debug|Any CPU
		{4E7B8B1E-7E6E-4128-B040-066F44F95352}.Debug|Any CPU.Build.0 = Debug|Any CPU
		{4E7B8B1E-7E6E-4128-B040-066F44F95352}.Release|Any CPU.ActiveCfg = Release|Any CPU
		{4E7B8B1E-7E6E-4128-B040-066F44F95352}.Release|Any CPU.Build.0 = Release|Any CPU
	EndGlobalSection
	GlobalSection(SolutionProperties) = preSolution
		HideSolutionNode = FALSE
	EndGlobalSection
	GlobalSection(ExtensibilityGlobals) = postSolution
		SolutionGuid = {18D3F900-88A2-4D7A-96CB-CDCF14F23E3D}
	EndGlobalSection
EndGlobal
